
Microsoft Visual Studio Solution File, Format Version 12.00
# Visual Studio 15
VisualStudioVersion = 15.0.27428.2015
MinimumVisualStudioVersion = 10.0.40219.1
Project("{FAE04EC0-301F-11D3-BF4B-00C04F79EFBC}") = "ByteCoffee.Utility", "ByteCoffee.Utility\ByteCoffee.Utility.csproj", "{DE9B8723-BCCD-4FF5-83F8-874C61D99E2B}"
EndProject
Project("{2150E333-8FDC-42A3-9474-1A3956D46DE8}") = "基础工具", "基础工具", "{09AF46E8-AE2A-4BDE-9E7C-9CA017939DFF}"
EndProject
Project("{FAE04EC0-301F-11D3-BF4B-00C04F79EFBC}") = "ByteCoffee.Data", "ByteCoffee.Data\ByteCoffee.Data.csproj", "{B9CEF979-A6DD-47F0-A8CF-3076AC10613C}"
EndProject
Project("{2150E333-8FDC-42A3-9474-1A3956D46DE8}") = "数据持久化", "数据持久化", "{798B1A97-2100-4934-924B-92907B3329D2}"
EndProject
Project("{2150E333-8FDC-42A3-9474-1A3956D46DE8}") = "身份认证", "身份认证", "{F83B046C-D344-4F76-9DA5-D8B751B6BF84}"
EndProject
Project("{FAE04EC0-301F-11D3-BF4B-00C04F79EFBC}") = "ByteCoffee.FormsAuth", "ByteCoffee.FormsAuth\ByteCoffee.FormsAuth.csproj", "{26545D13-6C98-4B03-96D5-F9EBE9172950}"
EndProject
Project("{2150E333-8FDC-42A3-9474-1A3956D46DE8}") = "客户端", "客户端", "{6C42A81D-CD3C-4176-A475-D0CF307B3F23}"
EndProject
Project("{2150E333-8FDC-42A3-9474-1A3956D46DE8}") = "核心业务", "核心业务", "{83F70C69-DF9A-496D-A59C-B849F5C98707}"
EndProject
Project("{FAE04EC0-301F-11D3-BF4B-00C04F79EFBC}") = "ByteCoffee.FromAuthProvider", "ByteCoffee.FromAuthProvider\ByteCoffee.FromAuthProvider.csproj", "{ABDE5A95-013B-4C97-B782-60686617CCB0}"
EndProject
Project("{FAE04EC0-301F-11D3-BF4B-00C04F79EFBC}") = "ByteCoffee.TmpBLL", "ByteCoffee.TmpBLL\ByteCoffee.TmpBLL.csproj", "{85C755D8-935E-4BBD-AC8C-669560E88583}"
EndProject
Global
	GlobalSection(SolutionConfigurationPlatforms) = preSolution
		Debug|Any CPU = Debug|Any CPU
		Release|Any CPU = Release|Any CPU
	EndGlobalSection
	GlobalSection(ProjectConfigurationPlatforms) = postSolution
		{DE9B8723-BCCD-4FF5-83F8-874C61D99E2B}.Debug|Any CPU.ActiveCfg = Debug|Any CPU
		{DE9B8723-BCCD-4FF5-83F8-874C61D99E2B}.Debug|Any CPU.Build.0 = Debug|Any CPU
		{DE9B8723-BCCD-4FF5-83F8-874C61D99E2B}.Release|Any CPU.ActiveCfg = Release|Any CPU
		{DE9B8723-BCCD-4FF5-83F8-874C61D99E2B}.Release|Any CPU.Build.0 = Release|Any CPU
		{B9CEF979-A6DD-47F0-A8CF-3076AC10613C}.Debug|Any CPU.ActiveCfg = Debug|Any CPU
		{B9CEF979-A6DD-47F0-A8CF-3076AC10613C}.Debug|Any CPU.Build.0 = Debug|Any CPU
		{B9CEF979-A6DD-47F0-A8CF-3076AC10613C}.Release|Any CPU.ActiveCfg = Release|Any CPU
		{B9CEF979-A6DD-47F0-A8CF-3076AC10613C}.Release|Any CPU.Build.0 = Release|Any CPU
		{26545D13-6C98-4B03-96D5-F9EBE9172950}.Debug|Any CPU.ActiveCfg = Debug|Any CPU
		{26545D13-6C98-4B03-96D5-F9EBE9172950}.Debug|Any CPU.Build.0 = Debug|Any CPU
		{26545D13-6C98-4B03-96D5-F9EBE9172950}.Release|Any CPU.ActiveCfg = Release|Any CPU
		{26545D13-6C98-4B03-96D5-F9EBE9172950}.Release|Any CPU.Build.0 = Release|Any CPU
		{ABDE5A95-013B-4C97-B782-60686617CCB0}.Debug|Any CPU.ActiveCfg = Debug|Any CPU
		{ABDE5A95-013B-4C97-B782-60686617CCB0}.Debug|Any CPU.Build.0 = Debug|Any CPU
		{ABDE5A95-013B-4C97-B782-60686617CCB0}.Release|Any CPU.ActiveCfg = Release|Any CPU
		{ABDE5A95-013B-4C97-B782-60686617CCB0}.Release|Any CPU.Build.0 = Release|Any CPU
		{85C755D8-935E-4BBD-AC8C-669560E88583}.Debug|Any CPU.ActiveCfg = Debug|Any CPU
		{85C755D8-935E-4BBD-AC8C-669560E88583}.Debug|Any CPU.Build.0 = Debug|Any CPU
		{85C755D8-935E-4BBD-AC8C-669560E88583}.Release|Any CPU.ActiveCfg = Release|Any CPU
		{85C755D8-935E-4BBD-AC8C-669560E88583}.Release|Any CPU.Build.0 = Release|Any CPU
	EndGlobalSection
	GlobalSection(SolutionProperties) = preSolution
		HideSolutionNode = FALSE
	EndGlobalSection
	GlobalSection(NestedProjects) = preSolution
		{DE9B8723-BCCD-4FF5-83F8-874C61D99E2B} = {09AF46E8-AE2A-4BDE-9E7C-9CA017939DFF}
		{B9CEF979-A6DD-47F0-A8CF-3076AC10613C} = {798B1A97-2100-4934-924B-92907B3329D2}
		{26545D13-6C98-4B03-96D5-F9EBE9172950} = {F83B046C-D344-4F76-9DA5-D8B751B6BF84}
		{ABDE5A95-013B-4C97-B782-60686617CCB0} = {F83B046C-D344-4F76-9DA5-D8B751B6BF84}
		{85C755D8-935E-4BBD-AC8C-669560E88583} = {83F70C69-DF9A-496D-A59C-B849F5C98707}
	EndGlobalSection
	GlobalSection(ExtensibilityGlobals) = postSolution
		SolutionGuid = {494AA7FE-5389-4AF6-A61F-8D5E50683E52}
	EndGlobalSection
EndGlobal
